
Microsoft Visual Studio Solution File, Format Version 12.00
# Visual Studio Version 17
VisualStudioVersion = 17.0.32014.148
MinimumVisualStudioVersion = 10.0.40219.1
Project("{9A19103F-16F7-4668-BE54-9A1E7A4F7556}") = "julienfEngine1", "julienfEngine1.csproj", "{723A2DED-F553-4C25-AD79-142CDABC9713}"
EndProject
Global
	GlobalSection(SolutionConfigurationPlatforms) = preSolution
		Debug|Any CPU = Debug|Any CPU
		Release|Any CPU = Release|Any CPU
	EndGlobalSection
	GlobalSection(ProjectConfigurationPlatforms) = postSolution
		{723A2DED-F553-4C25-AD79-142CDABC9713}.Debug|Any CPU.ActiveCfg = Debug|Any CPU
		{723A2DED-F553-4C25-AD79-142CDABC9713}.Debug|Any CPU.Build.0 = Debug|Any CPU
		{723A2DED-F553-4C25-AD79-142CDABC9713}.Release|Any CPU.ActiveCfg = Release|Any CPU
		{723A2DED-F553-4C25-AD79-142CDABC9713}.Release|Any CPU.Build.0 = Release|Any CPU
	EndGlobalSection
	GlobalSection(SolutionProperties) = preSolution
		HideSolutionNode = FALSE
	EndGlobalSection
	GlobalSection(ExtensibilityGlobals) = postSolution
		SolutionGuid = {C14B57AA-6DA3-44EF-A948-E40A5F79999C}
	EndGlobalSection
EndGlobal
